
Microsoft Visual Studio Solution File, Format Version 12.00
# Visual Studio Version 17
VisualStudioVersion = 17.9.34728.123
MinimumVisualStudioVersion = 10.0.40219.1
Project("{9A19103F-16F7-4668-BE54-9A1E7A4F7556}") = "HotelsRequestService", "HotelsQueryService\HotelsRequestService.csproj", "{32698DF0-0205-4D79-A428-FD5B8D5EDEA7}"
EndProject
Project("{E53339B2-1760-4266-BCC7-CA923CBCF16C}") = "docker-compose", "docker-compose.dcproj", "{F41B3AD8-10D6-43AD-9133-759B4734E6A4}"
EndProject
Global
	GlobalSection(SolutionConfigurationPlatforms) = preSolution
		Debug|Any CPU = Debug|Any CPU
		Release|Any CPU = Release|Any CPU
	EndGlobalSection
	GlobalSection(ProjectConfigurationPlatforms) = postSolution
		{32698DF0-0205-4D79-A428-FD5B8D5EDEA7}.Debug|Any CPU.ActiveCfg = Debug|Any CPU
		{32698DF0-0205-4D79-A428-FD5B8D5EDEA7}.Debug|Any CPU.Build.0 = Debug|Any CPU
		{32698DF0-0205-4D79-A428-FD5B8D5EDEA7}.Release|Any CPU.ActiveCfg = Release|Any CPU
		{32698DF0-0205-4D79-A428-FD5B8D5EDEA7}.Release|Any CPU.Build.0 = Release|Any CPU
		{F41B3AD8-10D6-43AD-9133-759B4734E6A4}.Debug|Any CPU.ActiveCfg = Debug|Any CPU
		{F41B3AD8-10D6-43AD-9133-759B4734E6A4}.Debug|Any CPU.Build.0 = Debug|Any CPU
		{F41B3AD8-10D6-43AD-9133-759B4734E6A4}.Release|Any CPU.ActiveCfg = Release|Any CPU
		{F41B3AD8-10D6-43AD-9133-759B4734E6A4}.Release|Any CPU.Build.0 = Release|Any CPU
	EndGlobalSection
	GlobalSection(SolutionProperties) = preSolution
		HideSolutionNode = FALSE
	EndGlobalSection
	GlobalSection(ExtensibilityGlobals) = postSolution
		SolutionGuid = {84BEBC8F-3FE1-485C-B326-0CD144379D24}
	EndGlobalSection
EndGlobal
