
Microsoft Visual Studio Solution File, Format Version 12.00
# Visual Studio Version 17
VisualStudioVersion = 17.5.33516.290
MinimumVisualStudioVersion = 10.0.40219.1
Project("{FAE04EC0-301F-11D3-BF4B-00C04F79EFBC}") = "SimulationService", "SimulationService.csproj", "{43F499CA-0BFB-450C-BCA0-3FEB7B8CF222}"
EndProject
Global
	GlobalSection(SolutionConfigurationPlatforms) = preSolution
		Debug|Any CPU = Debug|Any CPU
		Release|Any CPU = Release|Any CPU
	EndGlobalSection
	GlobalSection(ProjectConfigurationPlatforms) = postSolution
		{43F499CA-0BFB-450C-BCA0-3FEB7B8CF222}.Debug|Any CPU.ActiveCfg = Debug|Any CPU
		{43F499CA-0BFB-450C-BCA0-3FEB7B8CF222}.Debug|Any CPU.Build.0 = Debug|Any CPU
		{43F499CA-0BFB-450C-BCA0-3FEB7B8CF222}.Release|Any CPU.ActiveCfg = Release|Any CPU
		{43F499CA-0BFB-450C-BCA0-3FEB7B8CF222}.Release|Any CPU.Build.0 = Release|Any CPU
	EndGlobalSection
	GlobalSection(SolutionProperties) = preSolution
		HideSolutionNode = FALSE
	EndGlobalSection
	GlobalSection(ExtensibilityGlobals) = postSolution
		SolutionGuid = {7C5AF2E7-479B-4BAE-8AF5-E75195334C12}
	EndGlobalSection
EndGlobal
